
Microsoft Visual Studio Solution File, Format Version 12.00
# Visual Studio Version 17
VisualStudioVersion = 17.11.35222.181
MinimumVisualStudioVersion = 10.0.40219.1
Project("{FAE04EC0-301F-11D3-BF4B-00C04F79EFBC}") = "PC1databaseCreator", "PC1databaseCreator.csproj", "{1316B2C3-6DE2-49B0-829D-28B82A1C0560}"
EndProject
Global
	GlobalSection(SolutionConfigurationPlatforms) = preSolution
		Debug|Any CPU = Debug|Any CPU
		Release|Any CPU = Release|Any CPU
	EndGlobalSection
	GlobalSection(ProjectConfigurationPlatforms) = postSolution
		{1316B2C3-6DE2-49B0-829D-28B82A1C0560}.Debug|Any CPU.ActiveCfg = Debug|Any CPU
		{1316B2C3-6DE2-49B0-829D-28B82A1C0560}.Debug|Any CPU.Build.0 = Debug|Any CPU
		{1316B2C3-6DE2-49B0-829D-28B82A1C0560}.Release|Any CPU.ActiveCfg = Release|Any CPU
		{1316B2C3-6DE2-49B0-829D-28B82A1C0560}.Release|Any CPU.Build.0 = Release|Any CPU
	EndGlobalSection
	GlobalSection(SolutionProperties) = preSolution
		HideSolutionNode = FALSE
	EndGlobalSection
	GlobalSection(ExtensibilityGlobals) = postSolution
		SolutionGuid = {539E94A6-4794-4035-BEEB-42BC288F55D8}
	EndGlobalSection
EndGlobal
